
Microsoft Visual Studio Solution File, Format Version 12.00
# Visual Studio Version 16
VisualStudioVersion = 16.0.31424.327
MinimumVisualStudioVersion = 10.0.40219.1
Project("{FAE04EC0-301F-11D3-BF4B-00C04F79EFBC}") = "CIDRCalc", "CIDRCalc.csproj", "{3B0CC2EF-B5D6-4E0A-A8C2-39F9025D44B5}"
EndProject
Global
	GlobalSection(SolutionConfigurationPlatforms) = preSolution
		Debug|Any CPU = Debug|Any CPU
		Release|Any CPU = Release|Any CPU
	EndGlobalSection
	GlobalSection(ProjectConfigurationPlatforms) = postSolution
		{3B0CC2EF-B5D6-4E0A-A8C2-39F9025D44B5}.Debug|Any CPU.ActiveCfg = Debug|Any CPU
		{3B0CC2EF-B5D6-4E0A-A8C2-39F9025D44B5}.Debug|Any CPU.Build.0 = Debug|Any CPU
		{3B0CC2EF-B5D6-4E0A-A8C2-39F9025D44B5}.Release|Any CPU.ActiveCfg = Release|Any CPU
		{3B0CC2EF-B5D6-4E0A-A8C2-39F9025D44B5}.Release|Any CPU.Build.0 = Release|Any CPU
	EndGlobalSection
	GlobalSection(SolutionProperties) = preSolution
		HideSolutionNode = FALSE
	EndGlobalSection
	GlobalSection(ExtensibilityGlobals) = postSolution
		SolutionGuid = {320B6C47-4F1C-4E57-B873-09A531B0FB44}
	EndGlobalSection
EndGlobal
